
Microsoft Visual Studio Solution File, Format Version 12.00
# Visual Studio Version 17
VisualStudioVersion = 17.4.32804.182
MinimumVisualStudioVersion = 10.0.40219.1
Project("{2150E333-8FDC-42A3-9474-1A3956D46DE8}") = "FrontEnd", "FrontEnd", "{2ACD2D2B-C6EE-4D41-8D75-DFF95F174B1E}"
EndProject
Project("{2150E333-8FDC-42A3-9474-1A3956D46DE8}") = "Services", "Services", "{2634A705-70DD-418A-A9A9-B9D18023DBA0}"
EndProject
Project("{9A19103F-16F7-4668-BE54-9A1E7A4F7556}") = "GeekShopping.Web", "GeekShopping.Web\GeekShopping.Web.csproj", "{0A712207-3F43-45E1-BA83-6837DB78A9E1}"
EndProject
Project("{9A19103F-16F7-4668-BE54-9A1E7A4F7556}") = "GeekShopping.ProductAPI", "GeekShopping.ProductAPI\GeekShopping.ProductAPI.csproj", "{06AC560A-C586-46DF-B5B9-150C0D3A95E7}"
EndProject
Project("{9A19103F-16F7-4668-BE54-9A1E7A4F7556}") = "GeekShopping.IdentityServer", "GeekShopping.IdentityServer\GeekShopping.IdentityServer.csproj", "{D74DEC95-13AA-4DCF-AB31-DFBBECDE78EC}"
EndProject
Project("{9A19103F-16F7-4668-BE54-9A1E7A4F7556}") = "GeekShopping.CartAPI", "GeekShopping.CartAPI\GeekShopping.CartAPI.csproj", "{58DF8502-FFE8-436B-B38B-CC2CFC948A5B}"
EndProject
Project("{9A19103F-16F7-4668-BE54-9A1E7A4F7556}") = "GeekShopping.CouponAPI", "GeekShopping.CouponAPI\GeekShopping.CouponAPI.csproj", "{EF2EEF49-E622-4CE6-B636-903BB51E1A2C}"
EndProject
Project("{2150E333-8FDC-42A3-9474-1A3956D46DE8}") = "Integration", "Integration", "{337D7B97-E0F6-454F-A88B-E655859780CA}"
EndProject
Project("{9A19103F-16F7-4668-BE54-9A1E7A4F7556}") = "GeekShopping.MessageBus", "GeekShopping.MessageBus\GeekShopping.MessageBus.csproj", "{6BE43A8B-2E40-4BD5-B169-6DEA18E7DF26}"
EndProject
Project("{9A19103F-16F7-4668-BE54-9A1E7A4F7556}") = "GeekShopping.OrderAPI", "GeekShopping.OrderAPI\GeekShopping.OrderAPI.csproj", "{73DBC023-4451-4B26-97DB-1A211DF17987}"
EndProject
Project("{2150E333-8FDC-42A3-9474-1A3956D46DE8}") = "Payments", "Payments", "{B2505161-0301-46A1-B8CE-B36FE8ACC324}"
EndProject
Project("{9A19103F-16F7-4668-BE54-9A1E7A4F7556}") = "GeekShopping.PaymentProcessor", "GeekShopping.PaymentProcessor\GeekShopping.PaymentProcessor.csproj", "{04593EF9-24D5-48E6-890B-9BBEB2CC32B7}"
EndProject
Project("{9A19103F-16F7-4668-BE54-9A1E7A4F7556}") = "GeekShopping.PaymentAPI", "GeekShopping.PaymentAPI\GeekShopping.PaymentAPI.csproj", "{393C2AB0-4CAC-4FD6-B6C0-62C8AD92CD50}"
EndProject
Project("{9A19103F-16F7-4668-BE54-9A1E7A4F7556}") = "GeekShopping.Email", "GeekShopping.Email\GeekShopping.Email.csproj", "{A37C288C-DADE-4447-8287-164DB6FCE1ED}"
EndProject
Project("{2150E333-8FDC-42A3-9474-1A3956D46DE8}") = "Gateway", "Gateway", "{AD4061DB-274B-42CF-B857-304BBBB5E366}"
EndProject
Project("{FAE04EC0-301F-11D3-BF4B-00C04F79EFBC}") = "GeekShopping.APIGateway", "GeekShopping.APIGateway\GeekShopping.APIGateway.csproj", "{5911008F-E9D8-413A-8B9A-D481EDC8E861}"
EndProject
Global
	GlobalSection(SolutionConfigurationPlatforms) = preSolution
		Debug|Any CPU = Debug|Any CPU
		Release|Any CPU = Release|Any CPU
	EndGlobalSection
	GlobalSection(ProjectConfigurationPlatforms) = postSolution
		{0A712207-3F43-45E1-BA83-6837DB78A9E1}.Debug|Any CPU.ActiveCfg = Debug|Any CPU
		{0A712207-3F43-45E1-BA83-6837DB78A9E1}.Debug|Any CPU.Build.0 = Debug|Any CPU
		{0A712207-3F43-45E1-BA83-6837DB78A9E1}.Release|Any CPU.ActiveCfg = Release|Any CPU
		{0A712207-3F43-45E1-BA83-6837DB78A9E1}.Release|Any CPU.Build.0 = Release|Any CPU
		{06AC560A-C586-46DF-B5B9-150C0D3A95E7}.Debug|Any CPU.ActiveCfg = Debug|Any CPU
		{06AC560A-C586-46DF-B5B9-150C0D3A95E7}.Debug|Any CPU.Build.0 = Debug|Any CPU
		{06AC560A-C586-46DF-B5B9-150C0D3A95E7}.Release|Any CPU.ActiveCfg = Release|Any CPU
		{06AC560A-C586-46DF-B5B9-150C0D3A95E7}.Release|Any CPU.Build.0 = Release|Any CPU
		{D74DEC95-13AA-4DCF-AB31-DFBBECDE78EC}.Debug|Any CPU.ActiveCfg = Debug|Any CPU
		{D74DEC95-13AA-4DCF-AB31-DFBBECDE78EC}.Debug|Any CPU.Build.0 = Debug|Any CPU
		{D74DEC95-13AA-4DCF-AB31-DFBBECDE78EC}.Release|Any CPU.ActiveCfg = Release|Any CPU
		{D74DEC95-13AA-4DCF-AB31-DFBBECDE78EC}.Release|Any CPU.Build.0 = Release|Any CPU
		{58DF8502-FFE8-436B-B38B-CC2CFC948A5B}.Debug|Any CPU.ActiveCfg = Debug|Any CPU
		{58DF8502-FFE8-436B-B38B-CC2CFC948A5B}.Debug|Any CPU.Build.0 = Debug|Any CPU
		{58DF8502-FFE8-436B-B38B-CC2CFC948A5B}.Release|Any CPU.ActiveCfg = Release|Any CPU
		{58DF8502-FFE8-436B-B38B-CC2CFC948A5B}.Release|Any CPU.Build.0 = Release|Any CPU
		{EF2EEF49-E622-4CE6-B636-903BB51E1A2C}.Debug|Any CPU.ActiveCfg = Debug|Any CPU
		{EF2EEF49-E622-4CE6-B636-903BB51E1A2C}.Debug|Any CPU.Build.0 = Debug|Any CPU
		{EF2EEF49-E622-4CE6-B636-903BB51E1A2C}.Release|Any CPU.ActiveCfg = Release|Any CPU
		{EF2EEF49-E622-4CE6-B636-903BB51E1A2C}.Release|Any CPU.Build.0 = Release|Any CPU
		{6BE43A8B-2E40-4BD5-B169-6DEA18E7DF26}.Debug|Any CPU.ActiveCfg = Debug|Any CPU
		{6BE43A8B-2E40-4BD5-B169-6DEA18E7DF26}.Debug|Any CPU.Build.0 = Debug|Any CPU
		{6BE43A8B-2E40-4BD5-B169-6DEA18E7DF26}.Release|Any CPU.ActiveCfg = Release|Any CPU
		{6BE43A8B-2E40-4BD5-B169-6DEA18E7DF26}.Release|Any CPU.Build.0 = Release|Any CPU
		{73DBC023-4451-4B26-97DB-1A211DF17987}.Debug|Any CPU.ActiveCfg = Debug|Any CPU
		{73DBC023-4451-4B26-97DB-1A211DF17987}.Debug|Any CPU.Build.0 = Debug|Any CPU
		{73DBC023-4451-4B26-97DB-1A211DF17987}.Release|Any CPU.ActiveCfg = Release|Any CPU
		{73DBC023-4451-4B26-97DB-1A211DF17987}.Release|Any CPU.Build.0 = Release|Any CPU
		{04593EF9-24D5-48E6-890B-9BBEB2CC32B7}.Debug|Any CPU.ActiveCfg = Debug|Any CPU
		{04593EF9-24D5-48E6-890B-9BBEB2CC32B7}.Debug|Any CPU.Build.0 = Debug|Any CPU
		{04593EF9-24D5-48E6-890B-9BBEB2CC32B7}.Release|Any CPU.ActiveCfg = Release|Any CPU
		{04593EF9-24D5-48E6-890B-9BBEB2CC32B7}.Release|Any CPU.Build.0 = Release|Any CPU
		{393C2AB0-4CAC-4FD6-B6C0-62C8AD92CD50}.Debug|Any CPU.ActiveCfg = Debug|Any CPU
		{393C2AB0-4CAC-4FD6-B6C0-62C8AD92CD50}.Debug|Any CPU.Build.0 = Debug|Any CPU
		{393C2AB0-4CAC-4FD6-B6C0-62C8AD92CD50}.Release|Any CPU.ActiveCfg = Release|Any CPU
		{393C2AB0-4CAC-4FD6-B6C0-62C8AD92CD50}.Release|Any CPU.Build.0 = Release|Any CPU
		{A37C288C-DADE-4447-8287-164DB6FCE1ED}.Debug|Any CPU.ActiveCfg = Debug|Any CPU
		{A37C288C-DADE-4447-8287-164DB6FCE1ED}.Debug|Any CPU.Build.0 = Debug|Any CPU
		{A37C288C-DADE-4447-8287-164DB6FCE1ED}.Release|Any CPU.ActiveCfg = Release|Any CPU
		{A37C288C-DADE-4447-8287-164DB6FCE1ED}.Release|Any CPU.Build.0 = Release|Any CPU
		{5911008F-E9D8-413A-8B9A-D481EDC8E861}.Debug|Any CPU.ActiveCfg = Debug|Any CPU
		{5911008F-E9D8-413A-8B9A-D481EDC8E861}.Debug|Any CPU.Build.0 = Debug|Any CPU
		{5911008F-E9D8-413A-8B9A-D481EDC8E861}.Release|Any CPU.ActiveCfg = Release|Any CPU
		{5911008F-E9D8-413A-8B9A-D481EDC8E861}.Release|Any CPU.Build.0 = Release|Any CPU
	EndGlobalSection
	GlobalSection(SolutionProperties) = preSolution
		HideSolutionNode = FALSE
	EndGlobalSection
	GlobalSection(NestedProjects) = preSolution
		{0A712207-3F43-45E1-BA83-6837DB78A9E1} = {2ACD2D2B-C6EE-4D41-8D75-DFF95F174B1E}
		{06AC560A-C586-46DF-B5B9-150C0D3A95E7} = {2634A705-70DD-418A-A9A9-B9D18023DBA0}
		{D74DEC95-13AA-4DCF-AB31-DFBBECDE78EC} = {2634A705-70DD-418A-A9A9-B9D18023DBA0}
		{58DF8502-FFE8-436B-B38B-CC2CFC948A5B} = {2634A705-70DD-418A-A9A9-B9D18023DBA0}
		{EF2EEF49-E622-4CE6-B636-903BB51E1A2C} = {2634A705-70DD-418A-A9A9-B9D18023DBA0}
		{6BE43A8B-2E40-4BD5-B169-6DEA18E7DF26} = {337D7B97-E0F6-454F-A88B-E655859780CA}
		{73DBC023-4451-4B26-97DB-1A211DF17987} = {2634A705-70DD-418A-A9A9-B9D18023DBA0}
		{04593EF9-24D5-48E6-890B-9BBEB2CC32B7} = {B2505161-0301-46A1-B8CE-B36FE8ACC324}
		{393C2AB0-4CAC-4FD6-B6C0-62C8AD92CD50} = {2634A705-70DD-418A-A9A9-B9D18023DBA0}
		{A37C288C-DADE-4447-8287-164DB6FCE1ED} = {2634A705-70DD-418A-A9A9-B9D18023DBA0}
		{5911008F-E9D8-413A-8B9A-D481EDC8E861} = {AD4061DB-274B-42CF-B857-304BBBB5E366}
	EndGlobalSection
	GlobalSection(ExtensibilityGlobals) = postSolution
		SolutionGuid = {59E9D020-E12D-4DA2-A480-36284D42AC24}
	EndGlobalSection
EndGlobal
